# This file is automatically @generated by Cargo.
# It is not intended for manual editing.
version = 4

[[package]]
name = "arm"
version = "0.1.0"

[[package]]
name = "debug"
version = "0.1.0"
dependencies = [
 "arm",
 "emu-core",
 "gba",
]

[[package]]
name = "emu-core"
version = "0.1.0"

[[package]]
name = "gba"
version = "0.1.0"
dependencies = [
 "arm",
 "emu-core",
]
